github.com/akamensky/argparse v1.2.1 h1:YMYF1VMku+dnz7TVTJpYhsCXHSYCVMAIcKaBbjwbvZo=
github.com/akamensky/argparse v1.2.1/go.mod h1:S5kwC7IuDcEr5VeXtGPRVZ5o/FdhcMlQz4IZQuw64xA=
github.com/middelink/go-parse-torrent-name v0.0.0-20190301154245-3ff4efacd4c4 h1:C/VViMMbR/4Ti2aXrWpKy34S05cRaVd6EvV9BFR3qJ8=
github.com/middelink/go-parse-torrent-name v0.0.0-20190301154245-3ff4efacd4c4/go.mod h1:H66QhXPJpUSdWschhL6u//v3ge96/qMnQ9mWp3efbxA=
github.com/pioz/tvdb v0.0.0-20190503215423-f45c687faba9 h1:bduYa9c0qpYfrxuAnursm8RfmeGsdgQeB3NeW4N0zQ8=
github.com/pioz/tvdb v0.0.0-20190503215423-f45c687faba9/go.mod h1:nhHRTrbEzdp4lXtiozX4Yuvo4AHi29nOvM1J7H/XJMM=
